
Microsoft Visual Studio Solution File, Format Version 12.00
# Visual Studio Version 16
VisualStudioVersion = 16.0.30503.244
MinimumVisualStudioVersion = 10.0.40219.1
Project("{FAE04EC0-301F-11D3-BF4B-00C04F79EFBC}") = "WebQuangThi", "WebQuangThi\WebQuangThi.csproj", "{CC42E5B4-D288-4265-BEE6-A66B810DC104}"
EndProject
Global
	GlobalSection(SolutionConfigurationPlatforms) = preSolution
		Debug|Any CPU = Debug|Any CPU
		Release|Any CPU = Release|Any CPU
	EndGlobalSection
	GlobalSection(ProjectConfigurationPlatforms) = postSolution
		{CC42E5B4-D288-4265-BEE6-A66B810DC104}.Debug|Any CPU.ActiveCfg = Debug|Any CPU
		{CC42E5B4-D288-4265-BEE6-A66B810DC104}.Debug|Any CPU.Build.0 = Debug|Any CPU
		{CC42E5B4-D288-4265-BEE6-A66B810DC104}.Release|Any CPU.ActiveCfg = Release|Any CPU
		{CC42E5B4-D288-4265-BEE6-A66B810DC104}.Release|Any CPU.Build.0 = Release|Any CPU
	EndGlobalSection
	GlobalSection(SolutionProperties) = preSolution
		HideSolutionNode = FALSE
	EndGlobalSection
	GlobalSection(ExtensibilityGlobals) = postSolution
		SolutionGuid = {DB735B66-3879-4A85-AABC-57DF97B76396}
	EndGlobalSection
EndGlobal
